{
  "version": 4,
  "terraform_version": "1.9.8",
  "serial": 126,
  "lineage": "7e2073bb-cd3b-e629-c0dd-00f9df13b029",
  "outputs": {
    "instance_details": {
      "value": {
        "instance_id": "i-08b3f5180a05df241",
        "instance_name": "PublicInstance",
        "instance_private_ip": "10.0.1.42",
        "instance_public_ip": "54.210.55.57",
        "security_group_ids": [
          "sg-092286cdf27dcabce"
        ],
        "subnet_id": "subnet-011bfacb0dbb8cf31"
      },
      "type": [
        "object",
        {
          "instance_id": "string",
          "instance_name": "string",
          "instance_private_ip": "string",
          "instance_public_ip": "string",
          "security_group_ids": [
            "set",
            "string"
          ],
          "subnet_id": "string"
        }
      ]
    }
  },
  "resources": [
    {
      "mode": "managed",
      "type": "aws_instance",
      "name": "public_instance",
      "provider": "provider[\"registry.terraform.io/hashicorp/aws\"]",
      "instances": [
        {
          "schema_version": 1,
          "attributes": {
            "ami": "ami-0866a3c8686eaeeba",
            "arn": "arn:aws:ec2:us-east-1:831926617277:instance/i-08b3f5180a05df241",
            "associate_public_ip_address": true,
            "availability_zone": "us-east-1a",
            "capacity_reservation_specification": [
              {
                "capacity_reservation_preference": "open",
                "capacity_reservation_target": []
              }
            ],
            "cpu_core_count": 1,
            "cpu_options": [
              {
                "amd_sev_snp": "",
                "core_count": 1,
                "threads_per_core": 1
              }
            ],
            "cpu_threads_per_core": 1,
            "credit_specification": [
              {
                "cpu_credits": "standard"
              }
            ],
            "disable_api_stop": false,
            "disable_api_termination": false,
            "ebs_block_device": [],
            "ebs_optimized": false,
            "enclave_options": [
              {
                "enabled": false
              }
            ],
            "ephemeral_block_device": [],
            "get_password_data": false,
            "hibernation": false,
            "host_id": "",
            "host_resource_group_arn": null,
            "iam_instance_profile": "",
            "id": "i-08b3f5180a05df241",
            "instance_initiated_shutdown_behavior": "stop",
            "instance_lifecycle": "",
            "instance_market_options": [],
            "instance_state": "running",
            "instance_type": "t2.micro",
            "ipv6_address_count": 0,
            "ipv6_addresses": [],
            "key_name": "deployer_key",
            "launch_template": [],
            "maintenance_options": [
              {
                "auto_recovery": "default"
              }
            ],
            "metadata_options": [
              {
                "http_endpoint": "enabled",
                "http_protocol_ipv6": "disabled",
                "http_put_response_hop_limit": 2,
                "http_tokens": "required",
                "instance_metadata_tags": "disabled"
              }
            ],
            "monitoring": false,
            "network_interface": [],
            "outpost_arn": "",
            "password_data": "",
            "placement_group": "",
            "placement_partition_number": 0,
            "primary_network_interface_id": "eni-0fd968622f84e5c26",
            "private_dns": "ip-10-0-1-42.ec2.internal",
            "private_dns_name_options": [
              {
                "enable_resource_name_dns_a_record": false,
                "enable_resource_name_dns_aaaa_record": false,
                "hostname_type": "ip-name"
              }
            ],
            "private_ip": "10.0.1.42",
            "public_dns": "ec2-54-210-55-57.compute-1.amazonaws.com",
            "public_ip": "54.210.55.57",
            "root_block_device": [
              {
                "delete_on_termination": true,
                "device_name": "/dev/sda1",
                "encrypted": false,
                "iops": 3000,
                "kms_key_id": "",
                "tags": {},
                "tags_all": {},
                "throughput": 125,
                "volume_id": "vol-0dd584c382eca13aa",
                "volume_size": 8,
                "volume_type": "gp3"
              }
            ],
            "secondary_private_ips": [],
            "security_groups": [],
            "source_dest_check": true,
            "spot_instance_request_id": "",
            "subnet_id": "subnet-011bfacb0dbb8cf31",
            "tags": {
              "Name": "PublicInstance"
            },
            "tags_all": {
              "Name": "PublicInstance"
            },
            "tenancy": "default",
            "timeouts": null,
            "user_data": "5862384666359fd0af86394ff4a1625e94804b33",
            "user_data_base64": null,
            "user_data_replace_on_change": false,
            "volume_tags": null,
            "vpc_security_group_ids": [
              "sg-092286cdf27dcabce"
            ]
          },
          "sensitive_attributes": [],
          "private": "eyJlMmJmYjczMC1lY2FhLTExZTYtOGY4OC0zNDM2M2JjN2M0YzAiOnsiY3JlYXRlIjo2MDAwMDAwMDAwMDAsImRlbGV0ZSI6MTIwMDAwMDAwMDAwMCwicmVhZCI6OTAwMDAwMDAwMDAwLCJ1cGRhdGUiOjYwMDAwMDAwMDAwMH0sInNjaGVtYV92ZXJzaW9uIjoiMSJ9",
          "dependencies": [
            "aws_key_pair.deployer_key",
            "aws_security_group.web_sg",
            "aws_subnet.public_subnet_1",
            "aws_vpc.tp_cloud_devops_vpc",
            "tls_private_key.example_ssh_key"
          ]
        }
      ]
    },
    {
      "mode": "managed",
      "type": "aws_internet_gateway",
      "name": "main_gateway",
      "provider": "provider[\"registry.terraform.io/hashicorp/aws\"]",
      "instances": [
        {
          "schema_version": 0,
          "attributes": {
            "arn": "arn:aws:ec2:us-east-1:831926617277:internet-gateway/igw-0b2c7fef797e9f3f4",
            "id": "igw-0b2c7fef797e9f3f4",
            "owner_id": "831926617277",
            "tags": {
              "Name": "MainInternetGateway"
            },
            "tags_all": {
              "Name": "MainInternetGateway"
            },
            "timeouts": null,
            "vpc_id": "vpc-069e85382272e11c9"
          },
          "sensitive_attributes": [],
          "private": "eyJlMmJmYjczMC1lY2FhLTExZTYtOGY4OC0zNDM2M2JjN2M0YzAiOnsiY3JlYXRlIjoxMjAwMDAwMDAwMDAwLCJkZWxldGUiOjEyMDAwMDAwMDAwMDAsInVwZGF0ZSI6MTIwMDAwMDAwMDAwMH19",
          "dependencies": [
            "aws_vpc.tp_cloud_devops_vpc"
          ]
        }
      ]
    },
    {
      "mode": "managed",
      "type": "aws_key_pair",
      "name": "deployer_key",
      "provider": "provider[\"registry.terraform.io/hashicorp/aws\"]",
      "instances": [
        {
          "schema_version": 1,
          "attributes": {
            "arn": "arn:aws:ec2:us-east-1:831926617277:key-pair/deployer_key",
            "fingerprint": "97:66:89:cf:a7:4f:72:52:6c:35:59:f0:d8:4d:72:0a",
            "id": "deployer_key",
            "key_name": "deployer_key",
            "key_name_prefix": "",
            "key_pair_id": "key-0c7500d5902fbecb2",
            "key_type": "rsa",
            "public_key": "ssh-rsa AAAAB3NzaC1yc2EAAAADAQABAAABAQDCL1CE5FuXmxMfoYLCifWaL7aCP8fO+cExqU2F8BWz++KQrD4h1wEvEzr89T33x/7LTAmSXYJz+V2rfengpdwVG3+vXR42PmON15zkeOaEveRU/BYojMTcha5HRxtdb7q3bJeNuyxlm1uw8+oe7Zne3VMNyLsk7IymfzwknRmhKfZe5fRST6kV3+VkT7LrHrdEv3DpOjv5Wd4+9AEoADQVLmJkayQq3zyqdBtT72SRZdS79dVGTjYQzsqIjVvP6FuM5eis/syVbVyrgGR3qmrTa4tXpXZBGxLlYK37uCExXBnW1R/8a2tm6ScC2QGt+JepUEpptniibvlhB56jQRJn",
            "tags": null,
            "tags_all": {}
          },
          "sensitive_attributes": [],
          "private": "eyJzY2hlbWFfdmVyc2lvbiI6IjEifQ==",
          "dependencies": [
            "tls_private_key.example_ssh_key"
          ]
        }
      ]
    },
    {
      "mode": "managed",
      "type": "aws_route_table",
      "name": "public_route_table",
      "provider": "provider[\"registry.terraform.io/hashicorp/aws\"]",
      "instances": [
        {
          "schema_version": 0,
          "attributes": {
            "arn": "arn:aws:ec2:us-east-1:831926617277:route-table/rtb-0df89f6ecbb19a68e",
            "id": "rtb-0df89f6ecbb19a68e",
            "owner_id": "831926617277",
            "propagating_vgws": [],
            "route": [
              {
                "carrier_gateway_id": "",
                "cidr_block": "0.0.0.0/0",
                "core_network_arn": "",
                "destination_prefix_list_id": "",
                "egress_only_gateway_id": "",
                "gateway_id": "igw-0b2c7fef797e9f3f4",
                "ipv6_cidr_block": "",
                "local_gateway_id": "",
                "nat_gateway_id": "",
                "network_interface_id": "",
                "transit_gateway_id": "",
                "vpc_endpoint_id": "",
                "vpc_peering_connection_id": ""
              }
            ],
            "tags": {
              "Name": "PublicRouteTable"
            },
            "tags_all": {
              "Name": "PublicRouteTable"
            },
            "timeouts": null,
            "vpc_id": "vpc-069e85382272e11c9"
          },
          "sensitive_attributes": [],
          "private": "eyJlMmJmYjczMC1lY2FhLTExZTYtOGY4OC0zNDM2M2JjN2M0YzAiOnsiY3JlYXRlIjozMDAwMDAwMDAwMDAsImRlbGV0ZSI6MzAwMDAwMDAwMDAwLCJ1cGRhdGUiOjEyMDAwMDAwMDAwMH19",
          "dependencies": [
            "aws_internet_gateway.main_gateway",
            "aws_vpc.tp_cloud_devops_vpc"
          ]
        }
      ]
    },
    {
      "mode": "managed",
      "type": "aws_route_table_association",
      "name": "public_rta1",
      "provider": "provider[\"registry.terraform.io/hashicorp/aws\"]",
      "instances": [
        {
          "schema_version": 0,
          "attributes": {
            "gateway_id": "",
            "id": "rtbassoc-04c517e73101ffe7d",
            "route_table_id": "rtb-0df89f6ecbb19a68e",
            "subnet_id": "subnet-011bfacb0dbb8cf31",
            "timeouts": null
          },
          "sensitive_attributes": [],
          "private": "eyJlMmJmYjczMC1lY2FhLTExZTYtOGY4OC0zNDM2M2JjN2M0YzAiOnsiY3JlYXRlIjozMDAwMDAwMDAwMDAsImRlbGV0ZSI6MzAwMDAwMDAwMDAwLCJ1cGRhdGUiOjEyMDAwMDAwMDAwMH19",
          "dependencies": [
            "aws_internet_gateway.main_gateway",
            "aws_route_table.public_route_table",
            "aws_subnet.public_subnet_1",
            "aws_vpc.tp_cloud_devops_vpc"
          ]
        }
      ]
    },
    {
      "mode": "managed",
      "type": "aws_route_table_association",
      "name": "public_rta2",
      "provider": "provider[\"registry.terraform.io/hashicorp/aws\"]",
      "instances": [
        {
          "schema_version": 0,
          "attributes": {
            "gateway_id": "",
            "id": "rtbassoc-0bb3ee41c57b15cbb",
            "route_table_id": "rtb-0df89f6ecbb19a68e",
            "subnet_id": "subnet-01c1df1111ca0a2d7",
            "timeouts": null
          },
          "sensitive_attributes": [],
          "private": "eyJlMmJmYjczMC1lY2FhLTExZTYtOGY4OC0zNDM2M2JjN2M0YzAiOnsiY3JlYXRlIjozMDAwMDAwMDAwMDAsImRlbGV0ZSI6MzAwMDAwMDAwMDAwLCJ1cGRhdGUiOjEyMDAwMDAwMDAwMH19",
          "dependencies": [
            "aws_internet_gateway.main_gateway",
            "aws_route_table.public_route_table",
            "aws_subnet.public_subnet_2",
            "aws_vpc.tp_cloud_devops_vpc"
          ]
        }
      ]
    },
    {
      "mode": "managed",
      "type": "aws_s3_object",
      "name": "private_key_object",
      "provider": "provider[\"registry.terraform.io/hashicorp/aws\"]",
      "instances": [
        {
          "schema_version": 0,
          "attributes": {
            "acl": "private",
            "arn": "arn:aws:s3:::enis-terraform-for-state-file-0125-42a561d1/deployer_key.pem",
            "bucket": "enis-terraform-for-state-file-0125-42a561d1",
            "bucket_key_enabled": false,
            "cache_control": "",
            "checksum_algorithm": null,
            "checksum_crc32": "",
            "checksum_crc32c": "",
            "checksum_sha1": "",
            "checksum_sha256": "",
            "content": "-----BEGIN RSA PRIVATE KEY-----\nMIIEowIBAAKCAQEAwi9QhORbl5sTH6GCwon1mi+2gj/HzvnBMalNhfAVs/vikKw+\nIdcBLxM6/PU998f+y0wJkl2Cc/ldq33p4KXcFRt/r10eNj5jjdec5HjmhL3kVPwW\nKIzE3IWuR0cbXW+6t2yXjbssZZtbsPPqHu2Z3t1TDci7JOyMpn88JJ0ZoSn2XuX0\nUk+pFd/lZE+y6x63RL9w6To7+VnePvQBKAA0FS5iZGskKt88qnQbU+9kkWXUu/XV\nRk42EM7KiI1bz+hbjOXorP7MlW1cq4Bkd6pq02uLV6V2QRsS5WCt+7ghMVwZ1tUf\n/GtrZuknAtkBrfiXqVBKabZ4om75YQeeo0ESZwIDAQABAoIBAHqzMPq33NRALeZH\nxPst914VFgrZSGUVVakOpKikWuJen/vwilYRqHLZgOWEBUMDQZGuG0I8CglEIZcS\nOe00gItp09W4TjXSWE+xVTbc2jQ4VQYKP+ohgOcjJUtut/Djf6UVXfI1ukj90QNQ\nLLicRCUZzrggBXjAa+Ns9FDiX+aAJIqeeTwBauDAJKgClPypb6GbZtKddCtf+caz\nsjSdIwCOu+dgNfdIpthUTl2amHGKqm1kimqPihlC7ukuZei/nuKWQ0ysIW9IPOVL\nNWtPG8ISvDuucijKe61sZEhdh/BP4U4lVkNOtjOSCeuirAZ+p+tMXvXkAWh3+I3w\nhxp2+PkCgYEAxV7kLAMarBOFdIwedwuLXEfjOLqi2ALzGy/cZg/6vPmcX/paovGR\nYJsvOB0FR5eeMYXZIWX5LJbKaCDbqVTcPDb2SqNy3BtKqdw5DkfAhbhulrINjUKh\nUSiz7fgVkv/l/4diHqgqZ2nrqsSVsfKh//BIKNaqR2S6PgrkIhz2YZsCgYEA+94n\nlGcm2dhnDjxNEjY4DXp4gJKDsKNYpDgjJ31iZo+AcywNhEykwhumi6Ejji9AvFDa\n+Kl67AiHbYzlJIYnK64CUxaDgBfbccXAbIgaEgDwyae1qJhrmOZVnIG14NcmjlhV\nuzDspDQhq9vEy0uTurs5fHDmGoaThbVx6P+91SUCgYEAqWGFKaxEUJa0OlAhuQJk\nR/69pqqtI/psDdHmMITYJyOEKu4cqKftnl2viVWGeWlJ7rAypjHwRG7oJ7LDMK/O\nDbMRbP6WjQSy79E5+eJj+55K8fK+JJOhA5iNydTVFwGbrc7OywaA1Z0WDciFu2BB\n3Palxr5rBbgRCTupiwkV/K8CgYBPLSUQF+U0sjyjUv1/bh/szMU41dYkHxVsemFC\ntr3KM+5TRlPxdQ6OHpcaact9lQkqqdhMNyr3LC82lwYplyqVJpyAdiFckSNg/qNg\n+uAHLNiE6/3FRDT+2dmr23LLfZcXRFmfAOBDNkgneGzC471LBDQsFGmhiRCzBbkL\nX+nTKQKBgFcVvYlqF4YgqNFBPSsoNpys6onSkYq0KffEdTjdG4rMkWv0g0aX3zUn\nDbPNfiywBfRHSukx36mY23O7/CmHhV24HgKybyam2KK/ZqoCODr6CcuZo7ebjbca\nfC5o80rIu0G5rA8wWGF0wXsHyhgcDKV+M5jgNsSldLneod5fDEId\n-----END RSA PRIVATE KEY-----\n",
            "content_base64": null,
            "content_disposition": "",
            "content_encoding": "",
            "content_language": "",
            "content_type": "application/octet-stream",
            "etag": "3cd6a0a33c336beaefa2d2f8f9a7a0fe",
            "force_destroy": false,
            "id": "deployer_key.pem",
            "key": "deployer_key.pem",
            "kms_key_id": null,
            "metadata": null,
            "object_lock_legal_hold_status": "",
            "object_lock_mode": "",
            "object_lock_retain_until_date": "",
            "override_provider": [],
            "server_side_encryption": "AES256",
            "source": null,
            "source_hash": null,
            "storage_class": "STANDARD",
            "tags": null,
            "tags_all": {},
            "version_id": "iHi.70xq0hSjHsJVR3q4QWpRXLmLUqN6",
            "website_redirect": ""
          },
          "sensitive_attributes": [
            [
              {
                "type": "get_attr",
                "value": "content"
              }
            ]
          ],
          "private": "bnVsbA==",
          "dependencies": [
            "tls_private_key.example_ssh_key"
          ]
        }
      ]
    },
    {
      "mode": "managed",
      "type": "aws_security_group",
      "name": "web_sg",
      "provider": "provider[\"registry.terraform.io/hashicorp/aws\"]",
      "instances": [
        {
          "schema_version": 1,
          "attributes": {
            "arn": "arn:aws:ec2:us-east-1:831926617277:security-group/sg-092286cdf27dcabce",
            "description": "Security group for web server and SSH access",
            "egress": [],
            "id": "sg-092286cdf27dcabce",
            "ingress": [],
            "name": "web-server-sg",
            "name_prefix": "",
            "owner_id": "831926617277",
            "revoke_rules_on_delete": false,
            "tags": null,
            "tags_all": {},
            "timeouts": null,
            "vpc_id": "vpc-069e85382272e11c9"
          },
          "sensitive_attributes": [],
          "private": "eyJlMmJmYjczMC1lY2FhLTExZTYtOGY4OC0zNDM2M2JjN2M0YzAiOnsiY3JlYXRlIjo2MDAwMDAwMDAwMDAsImRlbGV0ZSI6OTAwMDAwMDAwMDAwfSwic2NoZW1hX3ZlcnNpb24iOiIxIn0=",
          "dependencies": [
            "aws_vpc.tp_cloud_devops_vpc"
          ]
        }
      ]
    },
    {
      "mode": "managed",
      "type": "aws_security_group_rule",
      "name": "allow_all_outbound",
      "provider": "provider[\"registry.terraform.io/hashicorp/aws\"]",
      "instances": [
        {
          "schema_version": 2,
          "attributes": {
            "cidr_blocks": [
              "0.0.0.0/0"
            ],
            "description": null,
            "from_port": 0,
            "id": "sgrule-165324989",
            "ipv6_cidr_blocks": null,
            "prefix_list_ids": null,
            "protocol": "-1",
            "security_group_id": "sg-092286cdf27dcabce",
            "security_group_rule_id": "sgr-07dd42671f3f7ff0e",
            "self": false,
            "source_security_group_id": null,
            "timeouts": null,
            "to_port": 0,
            "type": "egress"
          },
          "sensitive_attributes": [],
          "private": "eyJlMmJmYjczMC1lY2FhLTExZTYtOGY4OC0zNDM2M2JjN2M0YzAiOnsiY3JlYXRlIjozMDAwMDAwMDAwMDB9LCJzY2hlbWFfdmVyc2lvbiI6IjIifQ==",
          "dependencies": [
            "aws_security_group.web_sg",
            "aws_vpc.tp_cloud_devops_vpc"
          ]
        }
      ]
    },
    {
      "mode": "managed",
      "type": "aws_security_group_rule",
      "name": "allow_web_http_inbound",
      "provider": "provider[\"registry.terraform.io/hashicorp/aws\"]",
      "instances": [
        {
          "schema_version": 2,
          "attributes": {
            "cidr_blocks": [
              "0.0.0.0/0"
            ],
            "description": null,
            "from_port": 8080,
            "id": "sgrule-173224941",
            "ipv6_cidr_blocks": null,
            "prefix_list_ids": null,
            "protocol": "tcp",
            "security_group_id": "sg-092286cdf27dcabce",
            "security_group_rule_id": "sgr-0733fe73e691efbfb",
            "self": false,
            "source_security_group_id": null,
            "timeouts": null,
            "to_port": 8080,
            "type": "ingress"
          },
          "sensitive_attributes": [],
          "private": "eyJlMmJmYjczMC1lY2FhLTExZTYtOGY4OC0zNDM2M2JjN2M0YzAiOnsiY3JlYXRlIjozMDAwMDAwMDAwMDB9LCJzY2hlbWFfdmVyc2lvbiI6IjIifQ==",
          "dependencies": [
            "aws_security_group.web_sg",
            "aws_vpc.tp_cloud_devops_vpc"
          ]
        }
      ]
    },
    {
      "mode": "managed",
      "type": "aws_security_group_rule",
      "name": "allow_web_http_inbound_80",
      "provider": "provider[\"registry.terraform.io/hashicorp/aws\"]",
      "instances": [
        {
          "schema_version": 2,
          "attributes": {
            "cidr_blocks": [
              "0.0.0.0/0"
            ],
            "description": null,
            "from_port": 80,
            "id": "sgrule-2093041532",
            "ipv6_cidr_blocks": null,
            "prefix_list_ids": null,
            "protocol": "tcp",
            "security_group_id": "sg-092286cdf27dcabce",
            "security_group_rule_id": "sgr-0ed65e9dead263175",
            "self": false,
            "source_security_group_id": null,
            "timeouts": null,
            "to_port": 80,
            "type": "ingress"
          },
          "sensitive_attributes": [],
          "private": "eyJlMmJmYjczMC1lY2FhLTExZTYtOGY4OC0zNDM2M2JjN2M0YzAiOnsiY3JlYXRlIjozMDAwMDAwMDAwMDB9LCJzY2hlbWFfdmVyc2lvbiI6IjIifQ==",
          "dependencies": [
            "aws_security_group.web_sg",
            "aws_vpc.tp_cloud_devops_vpc"
          ]
        }
      ]
    },
    {
      "mode": "managed",
      "type": "aws_security_group_rule",
      "name": "allow_web_ssh_inbound",
      "provider": "provider[\"registry.terraform.io/hashicorp/aws\"]",
      "instances": [
        {
          "schema_version": 2,
          "attributes": {
            "cidr_blocks": [
              "0.0.0.0/0"
            ],
            "description": null,
            "from_port": 22,
            "id": "sgrule-3393919689",
            "ipv6_cidr_blocks": null,
            "prefix_list_ids": null,
            "protocol": "tcp",
            "security_group_id": "sg-092286cdf27dcabce",
            "security_group_rule_id": "sgr-0e25fb98cdd2c330f",
            "self": false,
            "source_security_group_id": null,
            "timeouts": null,
            "to_port": 22,
            "type": "ingress"
          },
          "sensitive_attributes": [],
          "private": "eyJlMmJmYjczMC1lY2FhLTExZTYtOGY4OC0zNDM2M2JjN2M0YzAiOnsiY3JlYXRlIjozMDAwMDAwMDAwMDB9LCJzY2hlbWFfdmVyc2lvbiI6IjIifQ==",
          "dependencies": [
            "aws_security_group.web_sg",
            "aws_vpc.tp_cloud_devops_vpc"
          ]
        }
      ]
    },
    {
      "mode": "managed",
      "type": "aws_subnet",
      "name": "public_subnet_1",
      "provider": "provider[\"registry.terraform.io/hashicorp/aws\"]",
      "instances": [
        {
          "schema_version": 1,
          "attributes": {
            "arn": "arn:aws:ec2:us-east-1:831926617277:subnet/subnet-011bfacb0dbb8cf31",
            "assign_ipv6_address_on_creation": false,
            "availability_zone": "us-east-1a",
            "availability_zone_id": "use1-az4",
            "cidr_block": "10.0.1.0/24",
            "customer_owned_ipv4_pool": "",
            "enable_dns64": false,
            "enable_lni_at_device_index": 0,
            "enable_resource_name_dns_a_record_on_launch": false,
            "enable_resource_name_dns_aaaa_record_on_launch": false,
            "id": "subnet-011bfacb0dbb8cf31",
            "ipv6_cidr_block": "",
            "ipv6_cidr_block_association_id": "",
            "ipv6_native": false,
            "map_customer_owned_ip_on_launch": false,
            "map_public_ip_on_launch": true,
            "outpost_arn": "",
            "owner_id": "831926617277",
            "private_dns_hostname_type_on_launch": "ip-name",
            "tags": {
              "Name": "PublicSubnet1"
            },
            "tags_all": {
              "Name": "PublicSubnet1"
            },
            "timeouts": null,
            "vpc_id": "vpc-069e85382272e11c9"
          },
          "sensitive_attributes": [],
          "private": "eyJlMmJmYjczMC1lY2FhLTExZTYtOGY4OC0zNDM2M2JjN2M0YzAiOnsiY3JlYXRlIjo2MDAwMDAwMDAwMDAsImRlbGV0ZSI6MTIwMDAwMDAwMDAwMH0sInNjaGVtYV92ZXJzaW9uIjoiMSJ9",
          "dependencies": [
            "aws_vpc.tp_cloud_devops_vpc"
          ]
        }
      ]
    },
    {
      "mode": "managed",
      "type": "aws_subnet",
      "name": "public_subnet_2",
      "provider": "provider[\"registry.terraform.io/hashicorp/aws\"]",
      "instances": [
        {
          "schema_version": 1,
          "attributes": {
            "arn": "arn:aws:ec2:us-east-1:831926617277:subnet/subnet-01c1df1111ca0a2d7",
            "assign_ipv6_address_on_creation": false,
            "availability_zone": "us-east-1b",
            "availability_zone_id": "use1-az6",
            "cidr_block": "10.0.2.0/24",
            "customer_owned_ipv4_pool": "",
            "enable_dns64": false,
            "enable_lni_at_device_index": 0,
            "enable_resource_name_dns_a_record_on_launch": false,
            "enable_resource_name_dns_aaaa_record_on_launch": false,
            "id": "subnet-01c1df1111ca0a2d7",
            "ipv6_cidr_block": "",
            "ipv6_cidr_block_association_id": "",
            "ipv6_native": false,
            "map_customer_owned_ip_on_launch": false,
            "map_public_ip_on_launch": true,
            "outpost_arn": "",
            "owner_id": "831926617277",
            "private_dns_hostname_type_on_launch": "ip-name",
            "tags": {
              "Name": "PublicSubnet2"
            },
            "tags_all": {
              "Name": "PublicSubnet2"
            },
            "timeouts": null,
            "vpc_id": "vpc-069e85382272e11c9"
          },
          "sensitive_attributes": [],
          "private": "eyJlMmJmYjczMC1lY2FhLTExZTYtOGY4OC0zNDM2M2JjN2M0YzAiOnsiY3JlYXRlIjo2MDAwMDAwMDAwMDAsImRlbGV0ZSI6MTIwMDAwMDAwMDAwMH0sInNjaGVtYV92ZXJzaW9uIjoiMSJ9",
          "dependencies": [
            "aws_vpc.tp_cloud_devops_vpc"
          ]
        }
      ]
    },
    {
      "mode": "managed",
      "type": "aws_vpc",
      "name": "tp_cloud_devops_vpc",
      "provider": "provider[\"registry.terraform.io/hashicorp/aws\"]",
      "instances": [
        {
          "schema_version": 1,
          "attributes": {
            "arn": "arn:aws:ec2:us-east-1:831926617277:vpc/vpc-069e85382272e11c9",
            "assign_generated_ipv6_cidr_block": false,
            "cidr_block": "10.0.0.0/16",
            "default_network_acl_id": "acl-083c43c3accd10474",
            "default_route_table_id": "rtb-0d0196bb36e112abe",
            "default_security_group_id": "sg-00c55168e8c8f671b",
            "dhcp_options_id": "dopt-02fe36a43a5123081",
            "enable_dns_hostnames": true,
            "enable_dns_support": true,
            "enable_network_address_usage_metrics": false,
            "id": "vpc-069e85382272e11c9",
            "instance_tenancy": "default",
            "ipv4_ipam_pool_id": null,
            "ipv4_netmask_length": null,
            "ipv6_association_id": "",
            "ipv6_cidr_block": "",
            "ipv6_cidr_block_network_border_group": "",
            "ipv6_ipam_pool_id": "",
            "ipv6_netmask_length": 0,
            "main_route_table_id": "rtb-0d0196bb36e112abe",
            "owner_id": "831926617277",
            "tags": {
              "Name": "tp_cloud_devops_vpc"
            },
            "tags_all": {
              "Name": "tp_cloud_devops_vpc"
            }
          },
          "sensitive_attributes": [],
          "private": "eyJzY2hlbWFfdmVyc2lvbiI6IjEifQ=="
        }
      ]
    },
    {
      "mode": "managed",
      "type": "tls_private_key",
      "name": "example_ssh_key",
      "provider": "provider[\"registry.terraform.io/hashicorp/tls\"]",
      "instances": [
        {
          "schema_version": 1,
          "attributes": {
            "algorithm": "RSA",
            "ecdsa_curve": "P224",
            "id": "f6ab084b4f7aef193994e3dd88f670ea9e59c12d",
            "private_key_openssh": "-----BEGIN OPENSSH PRIVATE KEY-----\nb3BlbnNzaC1rZXktdjEAAAAABG5vbmUAAAAEbm9uZQAAAAAAAAABAAABFwAAAAdz\nc2gtcnNhAAAAAwEAAQAAAQEAwi9QhORbl5sTH6GCwon1mi+2gj/HzvnBMalNhfAV\ns/vikKw+IdcBLxM6/PU998f+y0wJkl2Cc/ldq33p4KXcFRt/r10eNj5jjdec5Hjm\nhL3kVPwWKIzE3IWuR0cbXW+6t2yXjbssZZtbsPPqHu2Z3t1TDci7JOyMpn88JJ0Z\noSn2XuX0Uk+pFd/lZE+y6x63RL9w6To7+VnePvQBKAA0FS5iZGskKt88qnQbU+9k\nkWXUu/XVRk42EM7KiI1bz+hbjOXorP7MlW1cq4Bkd6pq02uLV6V2QRsS5WCt+7gh\nMVwZ1tUf/GtrZuknAtkBrfiXqVBKabZ4om75YQeeo0ESZwAAA7iani4Hmp4uBwAA\nAAdzc2gtcnNhAAABAQDCL1CE5FuXmxMfoYLCifWaL7aCP8fO+cExqU2F8BWz++KQ\nrD4h1wEvEzr89T33x/7LTAmSXYJz+V2rfengpdwVG3+vXR42PmON15zkeOaEveRU\n/BYojMTcha5HRxtdb7q3bJeNuyxlm1uw8+oe7Zne3VMNyLsk7IymfzwknRmhKfZe\n5fRST6kV3+VkT7LrHrdEv3DpOjv5Wd4+9AEoADQVLmJkayQq3zyqdBtT72SRZdS7\n9dVGTjYQzsqIjVvP6FuM5eis/syVbVyrgGR3qmrTa4tXpXZBGxLlYK37uCExXBnW\n1R/8a2tm6ScC2QGt+JepUEpptniibvlhB56jQRJnAAAAAwEAAQAAAQB6szD6t9zU\nQC3mR8T7LfdeFRYK2UhlFVWpDqSopFriXp/78IpWEahy2YDlhAVDA0GRrhtCPAoJ\nRCGXEjntNICLadPVuE410lhPsVU23No0OFUGCj/qIYDnIyVLbrfw43+lFV3yNbpI\n/dEDUCy4nEQlGc64IAV4wGvjbPRQ4l/mgCSKnnk8AWrgwCSoApT8qW+hm2bSnXQr\nX/nGs7I0nSMAjrvnYDX3SKbYVE5dmphxiqptZIpqj4oZQu7pLmXov57ilkNMrCFv\nSDzlSzVrTxvCErw7rnIoynutbGRIXYfwT+FOJVZDTrYzkgnroqwGfqfrTF715AFo\nd/iN8Icadvj5AAAAgFcVvYlqF4YgqNFBPSsoNpys6onSkYq0KffEdTjdG4rMkWv0\ng0aX3zUnDbPNfiywBfRHSukx36mY23O7/CmHhV24HgKybyam2KK/ZqoCODr6CcuZ\no7ebjbcafC5o80rIu0G5rA8wWGF0wXsHyhgcDKV+M5jgNsSldLneod5fDEIdAAAA\ngQDFXuQsAxqsE4V0jB53C4tcR+M4uqLYAvMbL9xmD/q8+Zxf+lqi8ZFgmy84HQVH\nl54xhdkhZfkslspoINupVNw8NvZKo3LcG0qp3DkOR8CFuG6Wsg2NQqFRKLPt+BWS\n/+X/h2IeqCpnaeuqxJWx8qH/8Ego1qpHZLo+CuQiHPZhmwAAAIEA+94nlGcm2dhn\nDjxNEjY4DXp4gJKDsKNYpDgjJ31iZo+AcywNhEykwhumi6Ejji9AvFDa+Kl67AiH\nbYzlJIYnK64CUxaDgBfbccXAbIgaEgDwyae1qJhrmOZVnIG14NcmjlhVuzDspDQh\nq9vEy0uTurs5fHDmGoaThbVx6P+91SUAAAAAAQID\n-----END OPENSSH PRIVATE KEY-----\n",
            "private_key_pem": "-----BEGIN RSA PRIVATE KEY-----\nMIIEowIBAAKCAQEAwi9QhORbl5sTH6GCwon1mi+2gj/HzvnBMalNhfAVs/vikKw+\nIdcBLxM6/PU998f+y0wJkl2Cc/ldq33p4KXcFRt/r10eNj5jjdec5HjmhL3kVPwW\nKIzE3IWuR0cbXW+6t2yXjbssZZtbsPPqHu2Z3t1TDci7JOyMpn88JJ0ZoSn2XuX0\nUk+pFd/lZE+y6x63RL9w6To7+VnePvQBKAA0FS5iZGskKt88qnQbU+9kkWXUu/XV\nRk42EM7KiI1bz+hbjOXorP7MlW1cq4Bkd6pq02uLV6V2QRsS5WCt+7ghMVwZ1tUf\n/GtrZuknAtkBrfiXqVBKabZ4om75YQeeo0ESZwIDAQABAoIBAHqzMPq33NRALeZH\nxPst914VFgrZSGUVVakOpKikWuJen/vwilYRqHLZgOWEBUMDQZGuG0I8CglEIZcS\nOe00gItp09W4TjXSWE+xVTbc2jQ4VQYKP+ohgOcjJUtut/Djf6UVXfI1ukj90QNQ\nLLicRCUZzrggBXjAa+Ns9FDiX+aAJIqeeTwBauDAJKgClPypb6GbZtKddCtf+caz\nsjSdIwCOu+dgNfdIpthUTl2amHGKqm1kimqPihlC7ukuZei/nuKWQ0ysIW9IPOVL\nNWtPG8ISvDuucijKe61sZEhdh/BP4U4lVkNOtjOSCeuirAZ+p+tMXvXkAWh3+I3w\nhxp2+PkCgYEAxV7kLAMarBOFdIwedwuLXEfjOLqi2ALzGy/cZg/6vPmcX/paovGR\nYJsvOB0FR5eeMYXZIWX5LJbKaCDbqVTcPDb2SqNy3BtKqdw5DkfAhbhulrINjUKh\nUSiz7fgVkv/l/4diHqgqZ2nrqsSVsfKh//BIKNaqR2S6PgrkIhz2YZsCgYEA+94n\nlGcm2dhnDjxNEjY4DXp4gJKDsKNYpDgjJ31iZo+AcywNhEykwhumi6Ejji9AvFDa\n+Kl67AiHbYzlJIYnK64CUxaDgBfbccXAbIgaEgDwyae1qJhrmOZVnIG14NcmjlhV\nuzDspDQhq9vEy0uTurs5fHDmGoaThbVx6P+91SUCgYEAqWGFKaxEUJa0OlAhuQJk\nR/69pqqtI/psDdHmMITYJyOEKu4cqKftnl2viVWGeWlJ7rAypjHwRG7oJ7LDMK/O\nDbMRbP6WjQSy79E5+eJj+55K8fK+JJOhA5iNydTVFwGbrc7OywaA1Z0WDciFu2BB\n3Palxr5rBbgRCTupiwkV/K8CgYBPLSUQF+U0sjyjUv1/bh/szMU41dYkHxVsemFC\ntr3KM+5TRlPxdQ6OHpcaact9lQkqqdhMNyr3LC82lwYplyqVJpyAdiFckSNg/qNg\n+uAHLNiE6/3FRDT+2dmr23LLfZcXRFmfAOBDNkgneGzC471LBDQsFGmhiRCzBbkL\nX+nTKQKBgFcVvYlqF4YgqNFBPSsoNpys6onSkYq0KffEdTjdG4rMkWv0g0aX3zUn\nDbPNfiywBfRHSukx36mY23O7/CmHhV24HgKybyam2KK/ZqoCODr6CcuZo7ebjbca\nfC5o80rIu0G5rA8wWGF0wXsHyhgcDKV+M5jgNsSldLneod5fDEId\n-----END RSA PRIVATE KEY-----\n",
            "private_key_pem_pkcs8": "-----BEGIN PRIVATE KEY-----\nMIIEvQIBADANBgkqhkiG9w0BAQEFAASCBKcwggSjAgEAAoIBAQDCL1CE5FuXmxMf\noYLCifWaL7aCP8fO+cExqU2F8BWz++KQrD4h1wEvEzr89T33x/7LTAmSXYJz+V2r\nfengpdwVG3+vXR42PmON15zkeOaEveRU/BYojMTcha5HRxtdb7q3bJeNuyxlm1uw\n8+oe7Zne3VMNyLsk7IymfzwknRmhKfZe5fRST6kV3+VkT7LrHrdEv3DpOjv5Wd4+\n9AEoADQVLmJkayQq3zyqdBtT72SRZdS79dVGTjYQzsqIjVvP6FuM5eis/syVbVyr\ngGR3qmrTa4tXpXZBGxLlYK37uCExXBnW1R/8a2tm6ScC2QGt+JepUEpptniibvlh\nB56jQRJnAgMBAAECggEAerMw+rfc1EAt5kfE+y33XhUWCtlIZRVVqQ6kqKRa4l6f\n+/CKVhGoctmA5YQFQwNBka4bQjwKCUQhlxI57TSAi2nT1bhONdJYT7FVNtzaNDhV\nBgo/6iGA5yMlS2638ON/pRVd8jW6SP3RA1AsuJxEJRnOuCAFeMBr42z0UOJf5oAk\nip55PAFq4MAkqAKU/KlvoZtm0p10K1/5xrOyNJ0jAI6752A190im2FROXZqYcYqq\nbWSKao+KGULu6S5l6L+e4pZDTKwhb0g85Us1a08bwhK8O65yKMp7rWxkSF2H8E/h\nTiVWQ062M5IJ66KsBn6n60xe9eQBaHf4jfCHGnb4+QKBgQDFXuQsAxqsE4V0jB53\nC4tcR+M4uqLYAvMbL9xmD/q8+Zxf+lqi8ZFgmy84HQVHl54xhdkhZfkslspoINup\nVNw8NvZKo3LcG0qp3DkOR8CFuG6Wsg2NQqFRKLPt+BWS/+X/h2IeqCpnaeuqxJWx\n8qH/8Ego1qpHZLo+CuQiHPZhmwKBgQD73ieUZybZ2GcOPE0SNjgNeniAkoOwo1ik\nOCMnfWJmj4BzLA2ETKTCG6aLoSOOL0C8UNr4qXrsCIdtjOUkhicrrgJTFoOAF9tx\nxcBsiBoSAPDJp7WomGuY5lWcgbXg1yaOWFW7MOykNCGr28TLS5O6uzl8cOYahpOF\ntXHo/73VJQKBgQCpYYUprERQlrQ6UCG5AmRH/r2mqq0j+mwN0eYwhNgnI4Qq7hyo\np+2eXa+JVYZ5aUnusDKmMfBEbugnssMwr84NsxFs/paNBLLv0Tn54mP7nkrx8r4k\nk6EDmI3J1NUXAZutzs7LBoDVnRYNyIW7YEHc9qXGvmsFuBEJO6mLCRX8rwKBgE8t\nJRAX5TSyPKNS/X9uH+zMxTjV1iQfFWx6YUK2vcoz7lNGU/F1Do4elxppy32VCSqp\n2Ew3KvcsLzaXBimXKpUmnIB2IVyRI2D+o2D64Acs2ITr/cVENP7Z2avbcst9lxdE\nWZ8A4EM2SCd4bMLjvUsENCwUaaGJELMFuQtf6dMpAoGAVxW9iWoXhiCo0UE9Kyg2\nnKzqidKRirQp98R1ON0bisyRa/SDRpffNScNs81+LLAF9EdK6THfqZjbc7v8KYeF\nXbgeArJvJqbYor9mqgI4OvoJy5mjt5uNtxp8LmjzSsi7QbmsDzBYYXTBewfKGBwM\npX4zmOA2xKV0ud6h3l8MQh0=\n-----END PRIVATE KEY-----\n",
            "public_key_fingerprint_md5": "ad:11:35:ca:1b:a2:22:39:96:c0:79:82:68:86:55:63",
            "public_key_fingerprint_sha256": "SHA256:yFWhc5GxNXoRVGW+geY8G88UDTdPT2z9lQRovWezv0A",
            "public_key_openssh": "ssh-rsa AAAAB3NzaC1yc2EAAAADAQABAAABAQDCL1CE5FuXmxMfoYLCifWaL7aCP8fO+cExqU2F8BWz++KQrD4h1wEvEzr89T33x/7LTAmSXYJz+V2rfengpdwVG3+vXR42PmON15zkeOaEveRU/BYojMTcha5HRxtdb7q3bJeNuyxlm1uw8+oe7Zne3VMNyLsk7IymfzwknRmhKfZe5fRST6kV3+VkT7LrHrdEv3DpOjv5Wd4+9AEoADQVLmJkayQq3zyqdBtT72SRZdS79dVGTjYQzsqIjVvP6FuM5eis/syVbVyrgGR3qmrTa4tXpXZBGxLlYK37uCExXBnW1R/8a2tm6ScC2QGt+JepUEpptniibvlhB56jQRJn\n",
            "public_key_pem": "-----BEGIN PUBLIC KEY-----\nMIIBIjANBgkqhkiG9w0BAQEFAAOCAQ8AMIIBCgKCAQEAwi9QhORbl5sTH6GCwon1\nmi+2gj/HzvnBMalNhfAVs/vikKw+IdcBLxM6/PU998f+y0wJkl2Cc/ldq33p4KXc\nFRt/r10eNj5jjdec5HjmhL3kVPwWKIzE3IWuR0cbXW+6t2yXjbssZZtbsPPqHu2Z\n3t1TDci7JOyMpn88JJ0ZoSn2XuX0Uk+pFd/lZE+y6x63RL9w6To7+VnePvQBKAA0\nFS5iZGskKt88qnQbU+9kkWXUu/XVRk42EM7KiI1bz+hbjOXorP7MlW1cq4Bkd6pq\n02uLV6V2QRsS5WCt+7ghMVwZ1tUf/GtrZuknAtkBrfiXqVBKabZ4om75YQeeo0ES\nZwIDAQAB\n-----END PUBLIC KEY-----\n",
            "rsa_bits": 2048
          },
          "sensitive_attributes": [
            [
              {
                "type": "get_attr",
                "value": "private_key_openssh"
              }
            ],
            [
              {
                "type": "get_attr",
                "value": "private_key_pem_pkcs8"
              }
            ],
            [
              {
                "type": "get_attr",
                "value": "private_key_pem"
              }
            ]
          ]
        }
      ]
    }
  ],
  "check_results": null
}
